lockfileVersion: 5.4

specifiers:
  '@vitejs/plugin-vue': ^3.2.0
  less: ^4.1.3
  typescript: ^4.8.4
  vite: ^3.2.3
  vite-plugin-cdn-import: ^0.3.5
  vue: ^3.2.45
  vue-tsc: ^1.0.9

dependencies:
  vue: 3.2.45

devDependencies:
  '@vitejs/plugin-vue': 3.2.0_vite@3.2.3+vue@3.2.45
  less: 4.1.3
  typescript: 4.8.4
  vite: 3.2.3_less@4.1.3
  vite-plugin-cdn-import: 0.3.5
  vue-tsc: 1.0.9_typescript@4.8.4

packages:

  /@babel/helper-validator-identifier/7.16.7:
    resolution: {integrity: sha1-6MYCQ4xKgZV1EkPakDHRYH0kfK0=, tarball: '@babel/helper-validator-identifier/download/@babel/helper-validator-identifier-7.16.7.tgz'}
    engines: {node: '>=6.9.0'}

  /@babel/parser/7.17.10:
    resolution: {integrity: sha1-hzsW24KokJ4PvX8RV3L0tzn2zng=, tarball: '@babel/parser/download/@babel/parser-7.17.10.tgz'}
    engines: {node: '>=6.0.0'}
    hasBin: true
    dependencies:
      '@babel/types': 7.17.10

  /@babel/types/7.17.10:
    resolution: {integrity: sha1-0117RGfkOfzwbRlfgQDg/qf8gsQ=, tarball: '@babel/types/download/@babel/types-7.17.10.tgz'}
    engines: {node: '>=6.9.0'}
    dependencies:
      '@babel/helper-validator-identifier': 7.16.7
      to-fast-properties: 2.0.0

  /@esbuild/android-arm/0.15.13:
    resolution: {integrity: sha1-zhEjehPudtXq45COR7pN3TgK+Go=, tarball: '@esbuild/android-arm/download/@esbuild/android-arm-0.15.13.tgz'}
    engines: {node: '>=12'}
    cpu: [arm]
    os: [android]
    requiresBuild: true
    dev: true
    optional: true

  /@esbuild/linux-loong64/0.15.13:
    resolution: {integrity: sha1-ZOiCW/DOdp2slO452S6+YnICDfw=, tarball: '@esbuild/linux-loong64/download/@esbuild/linux-loong64-0.15.13.tgz'}
    engines: {node: '>=12'}
    cpu: [loong64]
    os: [linux]
    requiresBuild: true
    dev: true
    optional: true

  /@rollup/pluginutils/4.2.1:
    resolution: {integrity: sha512-iKnFXr7NkdZAIHiIWE+BX5ULi/ucVFYWD6TbAV+rZctiRTY2PL6tsIKhoIOaoskiWAkgu+VsbXgUVDNLHf+InQ==}
    engines: {node: '>= 8.0.0'}
    dependencies:
      estree-walker: 2.0.2
      picomatch: 2.3.1
    dev: true

  /@types/estree/0.0.51:
    resolution: {integrity: sha512-CuPgU6f3eT/XgKKPqKd/gLZV1Xmvf1a2R5POBOGQa6uv82xpls89HU5zKeVoyR8XzHd1RGNOlQlvUe3CFkjWNQ==}
    dev: true

  /@vitejs/plugin-vue/3.2.0_vite@3.2.3+vue@3.2.45:
    resolution: {integrity: sha1-oUhAid2F1lKPQ1dD+EzdDSFbu1Q=, tarball: '@vitejs/plugin-vue/download/@vitejs/plugin-vue-3.2.0.tgz'}
    engines: {node: ^14.18.0 || >=16.0.0}
    peerDependencies:
      vite: ^3.0.0
      vue: ^3.2.25
    dependencies:
      vite: 3.2.3_less@4.1.3
      vue: 3.2.45
    dev: true

  /@volar/language-core/1.0.9:
    resolution: {integrity: sha1-0SRWspTR5bOSiyLlIUyOcUHuLOE=, tarball: '@volar/language-core/download/@volar/language-core-1.0.9.tgz'}
    dependencies:
      '@volar/source-map': 1.0.9
      '@vue/reactivity': 3.2.45
      muggle-string: 0.1.0
    dev: true

  /@volar/source-map/1.0.9:
    resolution: {integrity: sha1-AKqVHT1/m4QvhOKKsqGDGrO1uVo=, tarball: '@volar/source-map/download/@volar/source-map-1.0.9.tgz'}
    dependencies:
      muggle-string: 0.1.0
    dev: true

  /@volar/typescript/1.0.9:
    resolution: {integrity: sha1-nAqLXXnAoDQTdVSZ0hHByAAawMw=, tarball: '@volar/typescript/download/@volar/typescript-1.0.9.tgz'}
    dependencies:
      '@volar/language-core': 1.0.9
    dev: true

  /@volar/vue-language-core/1.0.9:
    resolution: {integrity: sha1-nrfDBlLIDyEPygca7up5SHODXto=, tarball: '@volar/vue-language-core/download/@volar/vue-language-core-1.0.9.tgz'}
    dependencies:
      '@volar/language-core': 1.0.9
      '@volar/source-map': 1.0.9
      '@vue/compiler-dom': 3.2.45
      '@vue/compiler-sfc': 3.2.45
      '@vue/reactivity': 3.2.45
      '@vue/shared': 3.2.45
      minimatch: 5.1.0
      vue-template-compiler: 2.7.13
    dev: true

  /@volar/vue-typescript/1.0.9:
    resolution: {integrity: sha1-R65EJCg+xCwLMyGk771MUF3j/hY=, tarball: '@volar/vue-typescript/download/@volar/vue-typescript-1.0.9.tgz'}
    dependencies:
      '@volar/typescript': 1.0.9
      '@volar/vue-language-core': 1.0.9
    dev: true

  /@vue/compiler-core/3.2.45:
    resolution: {integrity: sha1-2TESB9lvbr1fRmC+Ep+5nwHdtBs=, tarball: '@vue/compiler-core/download/@vue/compiler-core-3.2.45.tgz'}
    dependencies:
      '@babel/parser': 7.17.10
      '@vue/shared': 3.2.45
      estree-walker: 2.0.2
      source-map: 0.6.1

  /@vue/compiler-dom/3.2.45:
    resolution: {integrity: sha1-xDzBXlDaYuzBakLyYi0l3F/Zfc4=, tarball: '@vue/compiler-dom/download/@vue/compiler-dom-3.2.45.tgz'}
    dependencies:
      '@vue/compiler-core': 3.2.45
      '@vue/shared': 3.2.45

  /@vue/compiler-sfc/3.2.45:
    resolution: {integrity: sha1-f3mJzATsnnxVrNQGgnosTpaHLHA=, tarball: '@vue/compiler-sfc/download/@vue/compiler-sfc-3.2.45.tgz'}
    dependencies:
      '@babel/parser': 7.17.10
      '@vue/compiler-core': 3.2.45
      '@vue/compiler-dom': 3.2.45
      '@vue/compiler-ssr': 3.2.45
      '@vue/reactivity-transform': 3.2.45
      '@vue/shared': 3.2.45
      estree-walker: 2.0.2
      magic-string: 0.25.9
      postcss: 8.4.13
      source-map: 0.6.1

  /@vue/compiler-ssr/3.2.45:
    resolution: {integrity: sha1-vSBgS25k6hU0TVtieMQUEZHJg7I=, tarball: '@vue/compiler-ssr/download/@vue/compiler-ssr-3.2.45.tgz'}
    dependencies:
      '@vue/compiler-dom': 3.2.45
      '@vue/shared': 3.2.45

  /@vue/reactivity-transform/3.2.45:
    resolution: {integrity: sha1-B6yDuBOFUMg9+1DbQ83h4OXoEk0=, tarball: '@vue/reactivity-transform/download/@vue/reactivity-transform-3.2.45.tgz'}
    dependencies:
      '@babel/parser': 7.17.10
      '@vue/compiler-core': 3.2.45
      '@vue/shared': 3.2.45
      estree-walker: 2.0.2
      magic-string: 0.25.9

  /@vue/reactivity/3.2.45:
    resolution: {integrity: sha1-QSpFtXTeYBvlpKXZqMvU3uRmL/A=, tarball: '@vue/reactivity/download/@vue/reactivity-3.2.45.tgz'}
    dependencies:
      '@vue/shared': 3.2.45

  /@vue/runtime-core/3.2.45:
    resolution: {integrity: sha1-etfvmyUZ1BBiowxvoAHsQ6xUnH8=, tarball: '@vue/runtime-core/download/@vue/runtime-core-3.2.45.tgz'}
    dependencies:
      '@vue/reactivity': 3.2.45
      '@vue/shared': 3.2.45

  /@vue/runtime-dom/3.2.45:
    resolution: {integrity: sha1-Gi727irYdiBvu+KohFVLui0Pr1k=, tarball: '@vue/runtime-dom/download/@vue/runtime-dom-3.2.45.tgz'}
    dependencies:
      '@vue/runtime-core': 3.2.45
      '@vue/shared': 3.2.45
      csstype: 2.6.20

  /@vue/server-renderer/3.2.45_vue@3.2.45:
    resolution: {integrity: sha1-ypMGoMErBTCholDkT0oKusa4Hz8=, tarball: '@vue/server-renderer/download/@vue/server-renderer-3.2.45.tgz'}
    peerDependencies:
      vue: 3.2.45
    dependencies:
      '@vue/compiler-ssr': 3.2.45
      '@vue/shared': 3.2.45
      vue: 3.2.45

  /@vue/shared/3.2.45:
    resolution: {integrity: sha1-o//6dInq//ONmE4j0CNuIwyBi8I=, tarball: '@vue/shared/download/@vue/shared-3.2.45.tgz'}

  /balanced-match/1.0.2:
    resolution: {integrity: sha1-6D46fj8wCzTLnYf2FfoMvzV2kO4=, tarball: balanced-match/download/balanced-match-1.0.2.tgz}
    dev: true

  /brace-expansion/2.0.1:
    resolution: {integrity: sha1-HtxFng8MVISG7Pn8mfIiE2S5oK4=, tarball: brace-expansion/download/brace-expansion-2.0.1.tgz}
    dependencies:
      balanced-match: 1.0.2
    dev: true

  /copy-anything/2.0.6:
    resolution: {integrity: sha1-CSRU6pWEp7etVXMGKyqH9ZAPxIA=, tarball: copy-anything/download/copy-anything-2.0.6.tgz}
    dependencies:
      is-what: 3.14.1
    dev: true

  /csstype/2.6.20:
    resolution: {integrity: sha1-kinGXqCyYM9NPZl8sGKI42qNbdo=, tarball: csstype/download/csstype-2.6.20.tgz}

  /de-indent/1.0.2:
    resolution: {integrity: sha1-sgOOhG3DO6pXlhKNCAS0VbjB4h0=, tarball: de-indent/download/de-indent-1.0.2.tgz}
    dev: true

  /debug/3.2.7:
    resolution: {integrity: sha1-clgLfpFF+zm2Z2+cXl+xALk0F5o=, tarball: debug/download/debug-3.2.7.tgz}
    peerDependencies:
      supports-color: '*'
    peerDependenciesMeta:
      supports-color:
        optional: true
    dependencies:
      ms: 2.1.3
    dev: true
    optional: true

  /errno/0.1.8:
    resolution: {integrity: sha1-i7Ppx9Rjvkl2/4iPdrSAnrwugR8=, tarball: errno/download/errno-0.1.8.tgz}
    hasBin: true
    requiresBuild: true
    dependencies:
      prr: 1.0.1
    dev: true
    optional: true

  /esbuild-android-64/0.15.13:
    resolution: {integrity: sha1-XyWGQFXb1i4lDzYLOLTDgiJAY68=, tarball: esbuild-android-64/download/esbuild-android-64-0.15.13.tgz}
    engines: {node: '>=12'}
    cpu: [x64]
    os: [android]
    requiresBuild: true
    dev: true
    optional: true

  /esbuild-android-arm64/0.15.13:
    resolution: {integrity: sha1-2IIPmZMU776ODwUGU6mf8tpjKw8=, tarball: esbuild-android-arm64/download/esbuild-android-arm64-0.15.13.tgz}
    engines: {node: '>=12'}
    cpu: [arm64]
    os: [android]
    requiresBuild: true
    dev: true
    optional: true

  /esbuild-darwin-64/0.15.13:
    resolution: {integrity: sha1-ma5/2qQ5R7Bs2dGhw8LJ8kXYH9A=, tarball: esbuild-darwin-64/download/esbuild-darwin-64-0.15.13.tgz}
    engines: {node: '>=12'}
    cpu: [x64]
    os: [darwin]
    requiresBuild: true
    dev: true
    optional: true

  /esbuild-darwin-arm64/0.15.13:
    resolution: {integrity: sha1-uvoYFDVK0aR63K1z3kFhMO9/VeM=, tarball: esbuild-darwin-arm64/download/esbuild-darwin-arm64-0.15.13.tgz}
    engines: {node: '>=12'}
    cpu: [arm64]
    os: [darwin]
    requiresBuild: true
    dev: true
    optional: true

  /esbuild-freebsd-64/0.15.13:
    resolution: {integrity: sha1-hO+FU1xcw4tifRxRFWI7CI0d4WE=, tarball: esbuild-freebsd-64/download/esbuild-freebsd-64-0.15.13.tgz}
    engines: {node: '>=12'}
    cpu: [x64]
    os: [freebsd]
    requiresBuild: true
    dev: true
    optional: true

  /esbuild-freebsd-arm64/0.15.13:
    resolution: {integrity: sha1-Az8h3kNOyODEeAVLEZr4BWdjwtg=, tarball: esbuild-freebsd-arm64/download/esbuild-freebsd-arm64-0.15.13.tgz}
    engines: {node: '>=12'}
    cpu: [arm64]
    os: [freebsd]
    requiresBuild: true
    dev: true
    optional: true

  /esbuild-linux-32/0.15.13:
    resolution: {integrity: sha1-VCkOqANcug+vF5HOmuZpMAVRJTU=, tarball: esbuild-linux-32/download/esbuild-linux-32-0.15.13.tgz}
    engines: {node: '>=12'}
    cpu: [ia32]
    os: [linux]
    requiresBuild: true
    dev: true
    optional: true

  /esbuild-linux-64/0.15.13:
    resolution: {integrity: sha1-QmQkkoHqOI6tlIYUtX+x3fd3miw=, tarball: esbuild-linux-64/download/esbuild-linux-64-0.15.13.tgz}
    engines: {node: '>=12'}
    cpu: [x64]
    os: [linux]
    requiresBuild: true
    dev: true
    optional: true

  /esbuild-linux-arm/0.15.13:
    resolution: {integrity: sha1-tAf0ezrnIf5OAOGenxkom++HoRE=, tarball: esbuild-linux-arm/download/esbuild-linux-arm-0.15.13.tgz}
    engines: {node: '>=12'}
    cpu: [arm]
    os: [linux]
    requiresBuild: true
    dev: true
    optional: true

  /esbuild-linux-arm64/0.15.13:
    resolution: {integrity: sha1-kyPDM5JPl6Ar3SrokSs2KYrLMS0=, tarball: esbuild-linux-arm64/download/esbuild-linux-arm64-0.15.13.tgz}
    engines: {node: '>=12'}
    cpu: [arm64]
    os: [linux]
    requiresBuild: true
    dev: true
    optional: true

  /esbuild-linux-mips64le/0.15.13:
    resolution: {integrity: sha1-vfkFquXAvKqPg1Z/5MTBvcHxREc=, tarball: esbuild-linux-mips64le/download/esbuild-linux-mips64le-0.15.13.tgz}
    engines: {node: '>=12'}
    cpu: [mips64el]
    os: [linux]
    requiresBuild: true
    dev: true
    optional: true

  /esbuild-linux-ppc64le/0.15.13:
    resolution: {integrity: sha1-KRHq4ckP9Yo70yWctVcjXfJao7Q=, tarball: esbuild-linux-ppc64le/download/esbuild-linux-ppc64le-0.15.13.tgz}
    engines: {node: '>=12'}
    cpu: [ppc64]
    os: [linux]
    requiresBuild: true
    dev: true
    optional: true

  /esbuild-linux-riscv64/0.15.13:
    resolution: {integrity: sha1-GDfGYL4SsdINKinHGJ6nA/k+kmU=, tarball: esbuild-linux-riscv64/download/esbuild-linux-riscv64-0.15.13.tgz}
    engines: {node: '>=12'}
    cpu: [riscv64]
    os: [linux]
    requiresBuild: true
    dev: true
    optional: true

  /esbuild-linux-s390x/0.15.13:
    resolution: {integrity: sha1-1SiA7OIp0b0Qstk2t5KRT/sHx/w=, tarball: esbuild-linux-s390x/download/esbuild-linux-s390x-0.15.13.tgz}
    engines: {node: '>=12'}
    cpu: [s390x]
    os: [linux]
    requiresBuild: true
    dev: true
    optional: true

  /esbuild-netbsd-64/0.15.13:
    resolution: {integrity: sha1-3hTaRvHSA1K0PhXZeoCoeIJ15u0=, tarball: esbuild-netbsd-64/download/esbuild-netbsd-64-0.15.13.tgz}
    engines: {node: '>=12'}
    cpu: [x64]
    os: [netbsd]
    requiresBuild: true
    dev: true
    optional: true

  /esbuild-openbsd-64/0.15.13:
    resolution: {integrity: sha1-Reil/XTZKtj3MsQ1gjaceZD1oKw=, tarball: esbuild-openbsd-64/download/esbuild-openbsd-64-0.15.13.tgz}
    engines: {node: '>=12'}
    cpu: [x64]
    os: [openbsd]
    requiresBuild: true
    dev: true
    optional: true

  /esbuild-sunos-64/0.15.13:
    resolution: {integrity: sha1-9kasPaeqxSHuD9vBknUMh9ppeAY=, tarball: esbuild-sunos-64/download/esbuild-sunos-64-0.15.13.tgz}
    engines: {node: '>=12'}
    cpu: [x64]
    os: [sunos]
    requiresBuild: true
    dev: true
    optional: true

  /esbuild-windows-32/0.15.13:
    resolution: {integrity: sha1-+0/nfHWRQYiAs8m1kArcTAlPJAE=, tarball: esbuild-windows-32/download/esbuild-windows-32-0.15.13.tgz}
    engines: {node: '>=12'}
    cpu: [ia32]
    os: [win32]
    requiresBuild: true
    dev: true
    optional: true

  /esbuild-windows-64/0.15.13:
    resolution: {integrity: sha1-H8qMZUOSwMMb2q7RaL7P6oDiBmA=, tarball: esbuild-windows-64/download/esbuild-windows-64-0.15.13.tgz}
    engines: {node: '>=12'}
    cpu: [x64]
    os: [win32]
    requiresBuild: true
    dev: true
    optional: true

  /esbuild-windows-arm64/0.15.13:
    resolution: {integrity: sha1-T/0BtrKIhgPxWEov6Wsfam8rPdg=, tarball: esbuild-windows-arm64/download/esbuild-windows-arm64-0.15.13.tgz}
    engines: {node: '>=12'}
    cpu: [arm64]
    os: [win32]
    requiresBuild: true
    dev: true
    optional: true

  /esbuild/0.15.13:
    resolution: {integrity: sha1-cpNIADj+srr6kdP2og7as7psEIo=, tarball: esbuild/download/esbuild-0.15.13.tgz}
    engines: {node: '>=12'}
    hasBin: true
    requiresBuild: true
    optionalDependencies:
      '@esbuild/android-arm': 0.15.13
      '@esbuild/linux-loong64': 0.15.13
      esbuild-android-64: 0.15.13
      esbuild-android-arm64: 0.15.13
      esbuild-darwin-64: 0.15.13
      esbuild-darwin-arm64: 0.15.13
      esbuild-freebsd-64: 0.15.13
      esbuild-freebsd-arm64: 0.15.13
      esbuild-linux-32: 0.15.13
      esbuild-linux-64: 0.15.13
      esbuild-linux-arm: 0.15.13
      esbuild-linux-arm64: 0.15.13
      esbuild-linux-mips64le: 0.15.13
      esbuild-linux-ppc64le: 0.15.13
      esbuild-linux-riscv64: 0.15.13
      esbuild-linux-s390x: 0.15.13
      esbuild-netbsd-64: 0.15.13
      esbuild-openbsd-64: 0.15.13
      esbuild-sunos-64: 0.15.13
      esbuild-windows-32: 0.15.13
      esbuild-windows-64: 0.15.13
      esbuild-windows-arm64: 0.15.13
    dev: true

  /estree-walker/2.0.2:
    resolution: {integrity: sha512-Rfkk/Mp/DL7JVje3u18FxFujQlTNR2q6QfMSMB7AvCBx91NGj/ba3kCfza0f6dVDbw7YlRf/nDrn7pQrCCyQ/w==}

  /fsevents/2.3.2:
    resolution: {integrity: sha1-ilJveLj99GI7cJ4Ll1xSwkwC/Ro=, tarball: fsevents/download/fsevents-2.3.2.tgz}
    engines: {node: ^8.16.0 || ^10.6.0 || >=11.0.0}
    os: [darwin]
    requiresBuild: true
    dev: true
    optional: true

  /function-bind/1.1.1:
    resolution: {integrity: sha1-pWiZ0+o8m6uHS7l3O3xe3pL0iV0=, tarball: function-bind/download/function-bind-1.1.1.tgz}
    dev: true

  /graceful-fs/4.2.10:
    resolution: {integrity: sha1-FH06AG2kyjzhRyjHrvwofDZ9emw=, tarball: graceful-fs/download/graceful-fs-4.2.10.tgz}
    requiresBuild: true
    dev: true
    optional: true

  /has/1.0.3:
    resolution: {integrity: sha1-ci18v8H2qoJB8W3YFOAR4fQeh5Y=, tarball: has/download/has-1.0.3.tgz}
    engines: {node: '>= 0.4.0'}
    dependencies:
      function-bind: 1.1.1
    dev: true

  /he/1.2.0:
    resolution: {integrity: sha1-hK5l+n6vsWX922FWauFLrwVmTw8=, tarball: he/download/he-1.2.0.tgz}
    hasBin: true
    dev: true

  /iconv-lite/0.6.3:
    resolution: {integrity: sha1-pS+AvzjaGVLrXGgXkHGYcaGnJQE=, tarball: iconv-lite/download/iconv-lite-0.6.3.tgz}
    engines: {node: '>=0.10.0'}
    dependencies:
      safer-buffer: 2.1.2
    dev: true
    optional: true

  /image-size/0.5.5:
    resolution: {integrity: sha1-Cd/Uq50g4p6xw+gLiZA3jfnjy5w=, tarball: image-size/download/image-size-0.5.5.tgz}
    engines: {node: '>=0.10.0'}
    hasBin: true
    requiresBuild: true
    dev: true
    optional: true

  /is-core-module/2.9.0:
    resolution: {integrity: sha1-4cNEKc1Rxt2eCeB5njluJ7GanGk=, tarball: is-core-module/download/is-core-module-2.9.0.tgz}
    dependencies:
      has: 1.0.3
    dev: true

  /is-reference/1.2.1:
    resolution: {integrity: sha512-U82MsXXiFIrjCK4otLT+o2NA2Cd2g5MLoOVXUZjIOhLurrRxpEXzI8O0KZHr3IjLvlAH1kTPYSuqer5T9ZVBKQ==}
    dependencies:
      '@types/estree': 0.0.51
    dev: true

  /is-what/3.14.1:
    resolution: {integrity: sha1-4SIvRt3ahd6tD9HJ3xMXYOd3VcE=, tarball: is-what/download/is-what-3.14.1.tgz}
    dev: true

  /less/4.1.3:
    resolution: {integrity: sha1-F1vp3cv5slAXPgoAtNaSClt3AkY=, tarball: less/download/less-4.1.3.tgz}
    engines: {node: '>=6'}
    hasBin: true
    dependencies:
      copy-anything: 2.0.6
      parse-node-version: 1.0.1
      tslib: 2.4.0
    optionalDependencies:
      errno: 0.1.8
      graceful-fs: 4.2.10
      image-size: 0.5.5
      make-dir: 2.1.0
      mime: 1.6.0
      needle: 3.1.0
      source-map: 0.6.1
    transitivePeerDependencies:
      - supports-color
    dev: true

  /magic-string/0.25.9:
    resolution: {integrity: sha512-RmF0AsMzgt25qzqqLc1+MbHmhdx0ojF2Fvs4XnOqz2ZOBXzzkEwc/dJQZCYHAn7v1jbVOjAZfK8msRn4BxO4VQ==}
    dependencies:
      sourcemap-codec: 1.4.8

  /make-dir/2.1.0:
    resolution: {integrity: sha1-XwMQ4YuL6JjMBwCSlaMK5B6R5vU=, tarball: make-dir/download/make-dir-2.1.0.tgz}
    engines: {node: '>=6'}
    requiresBuild: true
    dependencies:
      pify: 4.0.1
      semver: 5.7.1
    dev: true
    optional: true

  /mime/1.6.0:
    resolution: {integrity: sha1-Ms2eXGRVO9WNGaVor0Uqz/BJgbE=, tarball: mime/download/mime-1.6.0.tgz}
    engines: {node: '>=4'}
    hasBin: true
    requiresBuild: true
    dev: true
    optional: true

  /minimatch/5.1.0:
    resolution: {integrity: sha1-Fxe0ZPSXGxRPaqvo8tC45FEeCcc=, tarball: minimatch/download/minimatch-5.1.0.tgz}
    engines: {node: '>=10'}
    dependencies:
      brace-expansion: 2.0.1
    dev: true

  /ms/2.1.3:
    resolution: {integrity: sha1-V0yBOM4dK1hh8LRFedut1gxmFbI=, tarball: ms/download/ms-2.1.3.tgz}
    dev: true
    optional: true

  /muggle-string/0.1.0:
    resolution: {integrity: sha1-H9qKKByLJ7uLcEZtvJ8nWGqLqmw=, tarball: muggle-string/download/muggle-string-0.1.0.tgz}
    dev: true

  /nanoid/3.3.4:
    resolution: {integrity: sha1-cwtn480J4t6s8DwCfIHJ2dvF6Ks=, tarball: nanoid/download/nanoid-3.3.4.tgz}
    engines: {node: ^10 || ^12 || ^13.7 || ^14 || >=15.0.1}
    hasBin: true

  /needle/3.1.0:
    resolution: {integrity: sha1-O/XNCQwo6xVkQYGrZpngJ71sU8k=, tarball: needle/download/needle-3.1.0.tgz}
    engines: {node: '>= 4.4.x'}
    hasBin: true
    requiresBuild: true
    dependencies:
      debug: 3.2.7
      iconv-lite: 0.6.3
      sax: 1.2.4
    transitivePeerDependencies:
      - supports-color
    dev: true
    optional: true

  /parse-node-version/1.0.1:
    resolution: {integrity: sha1-4rXb7eAOf6m8NjYH9TMn6LBzGJs=, tarball: parse-node-version/download/parse-node-version-1.0.1.tgz}
    engines: {node: '>= 0.10'}
    dev: true

  /path-parse/1.0.7:
    resolution: {integrity: sha1-+8EUtgykKzDZ2vWFjkvWi77bZzU=, tarball: path-parse/download/path-parse-1.0.7.tgz}
    dev: true

  /picocolors/1.0.0:
    resolution: {integrity: sha1-y1vcdP8/UYkiNur3nWi8RFZKuBw=, tarball: picocolors/download/picocolors-1.0.0.tgz}

  /picomatch/2.3.1:
    resolution: {integrity: sha512-JU3teHTNjmE2VCGFzuY8EXzCDVwEqB2a8fsIvwaStHhAWJEeVd1o1QD80CU6+ZdEXXSLbSsuLwJjkCBWqRQUVA==}
    engines: {node: '>=8.6'}
    dev: true

  /pify/4.0.1:
    resolution: {integrity: sha1-SyzSXFDVmHNcUCkiJP2MbfQeMjE=, tarball: pify/download/pify-4.0.1.tgz}
    engines: {node: '>=6'}
    dev: true
    optional: true

  /postcss/8.4.13:
    resolution: {integrity: sha1-fIe8Jo559/hlJCNYId/fn3Pl1XU=, tarball: postcss/download/postcss-8.4.13.tgz}
    engines: {node: ^10 || ^12 || >=14}
    dependencies:
      nanoid: 3.3.4
      picocolors: 1.0.0
      source-map-js: 1.0.2

  /postcss/8.4.19:
    resolution: {integrity: sha1-YReOKt0jaxc1GJfIvMC0yOyrVvw=, tarball: postcss/download/postcss-8.4.19.tgz}
    engines: {node: ^10 || ^12 || >=14}
    dependencies:
      nanoid: 3.3.4
      picocolors: 1.0.0
      source-map-js: 1.0.2
    dev: true

  /prr/1.0.1:
    resolution: {integrity: sha1-0/wRS6BplaRexok/SEzrHXj19HY=, tarball: prr/download/prr-1.0.1.tgz}
    dev: true
    optional: true

  /resolve/1.22.1:
    resolution: {integrity: sha1-J8suu1P5GrtJRwqSi7p1WAZqwXc=, tarball: resolve/download/resolve-1.22.1.tgz}
    hasBin: true
    dependencies:
      is-core-module: 2.9.0
      path-parse: 1.0.7
      supports-preserve-symlinks-flag: 1.0.0
    dev: true

  /rollup-plugin-external-globals/0.6.1:
    resolution: {integrity: sha512-mlp3KNa5sE4Sp9UUR2rjBrxjG79OyZAh/QC18RHIjM+iYkbBwNXSo8DHRMZWtzJTrH8GxQ+SJvCTN3i14uMXIA==}
    peerDependencies:
      rollup: ^2.25.0
    dependencies:
      '@rollup/pluginutils': 4.2.1
      estree-walker: 2.0.2
      is-reference: 1.2.1
      magic-string: 0.25.9
    dev: true

  /rollup/2.79.1:
    resolution: {integrity: sha1-vt7o+u98n5OiZHrAEIdI9Jfwgcc=, tarball: rollup/download/rollup-2.79.1.tgz}
    engines: {node: '>=10.0.0'}
    hasBin: true
    optionalDependencies:
      fsevents: 2.3.2
    dev: true

  /safer-buffer/2.1.2:
    resolution: {integrity: sha1-RPoWGwGHuVSd2Eu5GAL5vYOFzWo=, tarball: safer-buffer/download/safer-buffer-2.1.2.tgz}
    dev: true
    optional: true

  /sax/1.2.4:
    resolution: {integrity: sha1-KBYjTiN4vdxOU1T6tcqold9xANk=, tarball: sax/download/sax-1.2.4.tgz}
    dev: true
    optional: true

  /semver/5.7.1:
    resolution: {integrity: sha1-qVT5Ma66UI0we78Gnv8MAclhFvc=, tarball: semver/download/semver-5.7.1.tgz}
    hasBin: true
    dev: true
    optional: true

  /source-map-js/1.0.2:
    resolution: {integrity: sha1-rbw2HZxi3zgBJefxYfccgm8eSQw=, tarball: source-map-js/download/source-map-js-1.0.2.tgz}
    engines: {node: '>=0.10.0'}

  /source-map/0.6.1:
    resolution: {integrity: sha1-dHIq8y6WFOnCh6jQu95IteLxomM=, tarball: source-map/download/source-map-0.6.1.tgz}
    engines: {node: '>=0.10.0'}

  /sourcemap-codec/1.4.8:
    resolution: {integrity: sha512-9NykojV5Uih4lgo5So5dtw+f0JgJX30KCNI8gwhz2J9A15wD0Ml6tjHKwf6fTSa6fAdVBdZeNOs9eJ71qCk8vA==}

  /supports-preserve-symlinks-flag/1.0.0:
    resolution: {integrity: sha1-btpL00SjyUrqN21MwxvHcxEDngk=, tarball: supports-preserve-symlinks-flag/download/supports-preserve-symlinks-flag-1.0.0.tgz}
    engines: {node: '>= 0.4'}
    dev: true

  /to-fast-properties/2.0.0:
    resolution: {integrity: sha1-3F5pjL0HkmW8c+A3doGk5Og/YW4=, tarball: to-fast-properties/download/to-fast-properties-2.0.0.tgz}
    engines: {node: '>=4'}

  /tslib/2.4.0:
    resolution: {integrity: sha1-fOyqfwc85oCgWEeqd76UEJjzbcM=, tarball: tslib/download/tslib-2.4.0.tgz}
    dev: true

  /typescript/4.8.4:
    resolution: {integrity: sha1-xGSryhWWaVl75flriUNQCyOOYOY=, tarball: typescript/download/typescript-4.8.4.tgz}
    engines: {node: '>=4.2.0'}
    hasBin: true
    dev: true

  /vite-plugin-cdn-import/0.3.5:
    resolution: {integrity: sha512-e1raoalfBiIhv+hnMeSp1UNjloDDBhHpeFxkwRRdPBmTdDRqdEEn8owUmT5u8UBSVCs4xN3n/od4a91vXEhXPQ==}
    dependencies:
      rollup-plugin-external-globals: 0.6.1
    transitivePeerDependencies:
      - rollup
    dev: true

  /vite/3.2.3_less@4.1.3:
    resolution: {integrity: sha1-emjZ73Pv9+5twHGK01B638hpRKc=, tarball: vite/download/vite-3.2.3.tgz}
    engines: {node: ^14.18.0 || >=16.0.0}
    hasBin: true
    peerDependencies:
      '@types/node': '>= 14'
      less: '*'
      sass: '*'
      stylus: '*'
      sugarss: '*'
      terser: ^5.4.0
    peerDependenciesMeta:
      '@types/node':
        optional: true
      less:
        optional: true
      sass:
        optional: true
      stylus:
        optional: true
      sugarss:
        optional: true
      terser:
        optional: true
    dependencies:
      esbuild: 0.15.13
      less: 4.1.3
      postcss: 8.4.19
      resolve: 1.22.1
      rollup: 2.79.1
    optionalDependencies:
      fsevents: 2.3.2
    dev: true

  /vue-template-compiler/2.7.13:
    resolution: {integrity: sha1-FSClqm0a9R3QYigk55gU9ujLcFg=, tarball: vue-template-compiler/download/vue-template-compiler-2.7.13.tgz}
    dependencies:
      de-indent: 1.0.2
      he: 1.2.0
    dev: true

  /vue-tsc/1.0.9_typescript@4.8.4:
    resolution: {integrity: sha1-fTiOwwl7ycF4nVdFqXxgghevSHM=, tarball: vue-tsc/download/vue-tsc-1.0.9.tgz}
    hasBin: true
    peerDependencies:
      typescript: '*'
    dependencies:
      '@volar/vue-language-core': 1.0.9
      '@volar/vue-typescript': 1.0.9
      typescript: 4.8.4
    dev: true

  /vue/3.2.45:
    resolution: {integrity: sha1-lKEWeERH6329iSFneEYZ/vN5s8g=, tarball: vue/download/vue-3.2.45.tgz}
    dependencies:
      '@vue/compiler-dom': 3.2.45
      '@vue/compiler-sfc': 3.2.45
      '@vue/runtime-dom': 3.2.45
      '@vue/server-renderer': 3.2.45_vue@3.2.45
      '@vue/shared': 3.2.45
